{
  "name": "timezone-sync",
  "version": "1.0.3",
  "lockfileVersion": 2,
  "requires": true,
  "packages": {
    "": {
      "name": "timezone-sync",
      "version": "1.0.3",
      "license": "ISC",
      "dependencies": {
        "moment": "^2.30.1",
        "moment-timezone": "^0.5.45"
      }
    },
    "node_modules/moment": {
      "version": "2.30.1",
      "resolved": "https://registry.npmjs.org/moment/-/moment-2.30.1.tgz",
      "integrity": "sha512-uEmtNhbDOrWPFS+hdjFCBfy9f2YoyzRpwcl+DqpC6taX21FzsTLQVbMV/W7PzNSX6x/bhC1zA3c2UQ5NzH6how==",
      "engines": {
        "node": "*"
      }
    },
    "node_modules/moment-timezone": {
      "version": "0.5.45",
      "resolved": "https://registry.npmjs.org/moment-timezone/-/moment-timezone-0.5.45.tgz",
      "integrity": "sha512-HIWmqA86KcmCAhnMAN0wuDOARV/525R2+lOLotuGFzn4HO+FH+/645z2wx0Dt3iDv6/p61SIvKnDstISainhLQ==",
      "dependencies": {
        "moment": "^2.29.4"
      },
      "engines": {
        "node": "*"
      }
    },
    "node_modules/timezone-sync": {
      "version": "1.0.2",
      "resolved": "https://registry.npmjs.org/timezone-sync/-/timezone-sync-1.0.2.tgz",
      "integrity": "sha512-+AoWdoZB3mwTBAYR2w1rqSCEQcWYAfWGFRUb6CqGcl9Szk0hy6n2SIAp0h26RWq6Wj/N4u+CMAa5NdO2YVvc3g==",
      "dependencies": {
        "moment": "^2.30.1",
        "moment-timezone": "^0.5.45"
      }
    }
  },
  "dependencies": {
    "moment": {
      "version": "2.30.1",
      "resolved": "https://registry.npmjs.org/moment/-/moment-2.30.1.tgz",
      "integrity": "sha512-uEmtNhbDOrWPFS+hdjFCBfy9f2YoyzRpwcl+DqpC6taX21FzsTLQVbMV/W7PzNSX6x/bhC1zA3c2UQ5NzH6how=="
    },
    "moment-timezone": {
      "version": "0.5.45",
      "resolved": "https://registry.npmjs.org/moment-timezone/-/moment-timezone-0.5.45.tgz",
      "integrity": "sha512-HIWmqA86KcmCAhnMAN0wuDOARV/525R2+lOLotuGFzn4HO+FH+/645z2wx0Dt3iDv6/p61SIvKnDstISainhLQ==",
      "requires": {
        "moment": "^2.29.4"
      }
    },
    "timezone-sync": {
      "version": "https://registry.npmjs.org/timezone-sync/-/timezone-sync-1.0.2.tgz",
      "integrity": "sha512-+AoWdoZB3mwTBAYR2w1rqSCEQcWYAfWGFRUb6CqGcl9Szk0hy6n2SIAp0h26RWq6Wj/N4u+CMAa5NdO2YVvc3g==",
      "requires": {
        "moment": "^2.30.1",
        "moment-timezone": "^0.5.45"
      }
    }
  }
}
